{

  "name": "test-fake-gas-enum",

  "version": "1.0.0",

  "lockfileVersion": 3,

  "requires": true,

  "packages": {

    "": {

      "name": "test-fake-gas-enum",

      "version": "1.0.0",

      "dependencies": {

        "@mcpher/unit": "^1.1.10",

        "@sindresorhus/is": "^7.0.1"

      }

    },

    "node_modules/@mcpher/unit": {

      "version": "1.1.11",

      "resolved": "https://registry.npmjs.org/@mcpher/unit/-/unit-1.1.11.tgz",

      "integrity": "sha512-KpaFjsB9+50zMZxsAGxeT++8NrXh9tM1CBzVx23al385xQgaPxfyc4wHdbCaeqfTWXSrm06JwcQ7unHqVkq5lg=="

    },

    "node_modules/@sindresorhus/is": {

      "version": "7.0.1",

      "resolved": "https://registry.npmjs.org/@sindresorhus/is/-/is-7.0.1.tgz",

      "integrity": "sha512-QWLl2P+rsCJeofkDNIT3WFmb6NrRud1SUYW8dIhXK/46XFV8Q/g7Bsvib0Askb0reRLe+WYPeeE+l5cH7SlkuQ==",

      "engines": {

        "node": ">=18"

      },

      "funding": {

        "url": "https://github.com/sindresorhus/is?sponsor=1"

      }

    }

  }

}

